
Microsoft Visual Studio Solution File, Format Version 12.00
# Visual Studio Version 17
VisualStudioVersion = 17.10.35122.118
MinimumVisualStudioVersion = 10.0.40219.1
Project("{FAE04EC0-301F-11D3-BF4B-00C04F79EFBC}") = "Singleton", "Singleton\Singleton.csproj", "{6BDC676C-B535-467F-A2A0-337E9FCEE727}"
EndProject
Project("{FAE04EC0-301F-11D3-BF4B-00C04F79EFBC}") = "FactoryMethod", "FactoryMethod\FactoryMethod.csproj", "{5165005D-182E-4AEF-8C27-1A117C685AF5}"
EndProject
Project("{FAE04EC0-301F-11D3-BF4B-00C04F79EFBC}") = "AbstractFactory", "AbstractFactory\AbstractFactory.csproj", "{B9617523-86BA-4585-A7DF-8942C78F5E64}"
EndProject
Project("{FAE04EC0-301F-11D3-BF4B-00C04F79EFBC}") = "Prototype", "Prototype\Prototype.csproj", "{4D11575F-04FA-4E64-B35F-F083158C1827}"
EndProject
Project("{FAE04EC0-301F-11D3-BF4B-00C04F79EFBC}") = "Builder", "Builder\Builder.csproj", "{187583C1-F92F-4880-95C2-4ED6B2A62BCD}"
EndProject
Project("{FAE04EC0-301F-11D3-BF4B-00C04F79EFBC}") = "Facade", "Facade\Facade.csproj", "{B9316B0F-A3C7-4691-81F2-AC20A34C6BDA}"
EndProject
Project("{FAE04EC0-301F-11D3-BF4B-00C04F79EFBC}") = "Adapter", "Adapter\Adapter.csproj", "{99D2BD85-226C-4E59-8A7B-8A80034D6275}"
EndProject
Project("{FAE04EC0-301F-11D3-BF4B-00C04F79EFBC}") = "Composite", "Composite\Composite.csproj", "{9D2CAF9E-FB24-4AA2-9F5F-A7A50C4498B9}"
EndProject
Project("{FAE04EC0-301F-11D3-BF4B-00C04F79EFBC}") = "Proxy", "Proxy\Proxy.csproj", "{3904EBE9-BB72-492B-B545-0AC0BA6F2B1E}"
EndProject
Project("{FAE04EC0-301F-11D3-BF4B-00C04F79EFBC}") = "Decarator", "Decarator\Decarator.csproj", "{10AE5F1B-8769-4DFF-A20B-1581F8210B28}"
EndProject
Project("{FAE04EC0-301F-11D3-BF4B-00C04F79EFBC}") = "Bridge", "Bridge\Bridge.csproj", "{857C71DB-29FA-4812-B360-664E7F8DADC5}"
EndProject
Project("{FAE04EC0-301F-11D3-BF4B-00C04F79EFBC}") = "Strategy", "Strategy\Strategy.csproj", "{2BE6E4DB-F702-48B2-B605-E1911179BD44}"
EndProject
Project("{FAE04EC0-301F-11D3-BF4B-00C04F79EFBC}") = "Observer", "Observer\Observer.csproj", "{886F07A5-D6E9-4FC6-AAD1-6ED022091C80}"
EndProject
Project("{FAE04EC0-301F-11D3-BF4B-00C04F79EFBC}") = "ChainOfResponsibility", "ChainOfResponsibility\ChainOfResponsibility.csproj", "{99708841-BD81-4F52-95D2-4031A5BF1159}"
EndProject
Project("{FAE04EC0-301F-11D3-BF4B-00C04F79EFBC}") = "Memento", "Memento\Memento.csproj", "{9EAF2FAC-5247-46A2-819B-E5B61B01576D}"
EndProject
Project("{FAE04EC0-301F-11D3-BF4B-00C04F79EFBC}") = "TemplateMethod", "TemplateMethod\TemplateMethod.csproj", "{BB1F43DF-EDCB-4DA6-A1F1-21D988C6A970}"
EndProject
Project("{FAE04EC0-301F-11D3-BF4B-00C04F79EFBC}") = "State", "State\State.csproj", "{DE607F3D-D6F0-490D-A37C-5F123C3277DE}"
EndProject
Global
	GlobalSection(SolutionConfigurationPlatforms) = preSolution
		Debug|Any CPU = Debug|Any CPU
		Release|Any CPU = Release|Any CPU
	EndGlobalSection
	GlobalSection(ProjectConfigurationPlatforms) = postSolution
		{6BDC676C-B535-467F-A2A0-337E9FCEE727}.Debug|Any CPU.ActiveCfg = Debug|Any CPU
		{6BDC676C-B535-467F-A2A0-337E9FCEE727}.Debug|Any CPU.Build.0 = Debug|Any CPU
		{6BDC676C-B535-467F-A2A0-337E9FCEE727}.Release|Any CPU.ActiveCfg = Release|Any CPU
		{6BDC676C-B535-467F-A2A0-337E9FCEE727}.Release|Any CPU.Build.0 = Release|Any CPU
		{5165005D-182E-4AEF-8C27-1A117C685AF5}.Debug|Any CPU.ActiveCfg = Debug|Any CPU
		{5165005D-182E-4AEF-8C27-1A117C685AF5}.Debug|Any CPU.Build.0 = Debug|Any CPU
		{5165005D-182E-4AEF-8C27-1A117C685AF5}.Release|Any CPU.ActiveCfg = Release|Any CPU
		{5165005D-182E-4AEF-8C27-1A117C685AF5}.Release|Any CPU.Build.0 = Release|Any CPU
		{B9617523-86BA-4585-A7DF-8942C78F5E64}.Debug|Any CPU.ActiveCfg = Debug|Any CPU
		{B9617523-86BA-4585-A7DF-8942C78F5E64}.Debug|Any CPU.Build.0 = Debug|Any CPU
		{B9617523-86BA-4585-A7DF-8942C78F5E64}.Release|Any CPU.ActiveCfg = Release|Any CPU
		{B9617523-86BA-4585-A7DF-8942C78F5E64}.Release|Any CPU.Build.0 = Release|Any CPU
		{4D11575F-04FA-4E64-B35F-F083158C1827}.Debug|Any CPU.ActiveCfg = Debug|Any CPU
		{4D11575F-04FA-4E64-B35F-F083158C1827}.Debug|Any CPU.Build.0 = Debug|Any CPU
		{4D11575F-04FA-4E64-B35F-F083158C1827}.Release|Any CPU.ActiveCfg = Release|Any CPU
		{4D11575F-04FA-4E64-B35F-F083158C1827}.Release|Any CPU.Build.0 = Release|Any CPU
		{187583C1-F92F-4880-95C2-4ED6B2A62BCD}.Debug|Any CPU.ActiveCfg = Debug|Any CPU
		{187583C1-F92F-4880-95C2-4ED6B2A62BCD}.Debug|Any CPU.Build.0 = Debug|Any CPU
		{187583C1-F92F-4880-95C2-4ED6B2A62BCD}.Release|Any CPU.ActiveCfg = Release|Any CPU
		{187583C1-F92F-4880-95C2-4ED6B2A62BCD}.Release|Any CPU.Build.0 = Release|Any CPU
		{B9316B0F-A3C7-4691-81F2-AC20A34C6BDA}.Debug|Any CPU.ActiveCfg = Debug|Any CPU
		{B9316B0F-A3C7-4691-81F2-AC20A34C6BDA}.Debug|Any CPU.Build.0 = Debug|Any CPU
		{B9316B0F-A3C7-4691-81F2-AC20A34C6BDA}.Release|Any CPU.ActiveCfg = Release|Any CPU
		{B9316B0F-A3C7-4691-81F2-AC20A34C6BDA}.Release|Any CPU.Build.0 = Release|Any CPU
		{99D2BD85-226C-4E59-8A7B-8A80034D6275}.Debug|Any CPU.ActiveCfg = Debug|Any CPU
		{99D2BD85-226C-4E59-8A7B-8A80034D6275}.Debug|Any CPU.Build.0 = Debug|Any CPU
		{99D2BD85-226C-4E59-8A7B-8A80034D6275}.Release|Any CPU.ActiveCfg = Release|Any CPU
		{99D2BD85-226C-4E59-8A7B-8A80034D6275}.Release|Any CPU.Build.0 = Release|Any CPU
		{9D2CAF9E-FB24-4AA2-9F5F-A7A50C4498B9}.Debug|Any CPU.ActiveCfg = Debug|Any CPU
		{9D2CAF9E-FB24-4AA2-9F5F-A7A50C4498B9}.Debug|Any CPU.Build.0 = Debug|Any CPU
		{9D2CAF9E-FB24-4AA2-9F5F-A7A50C4498B9}.Release|Any CPU.ActiveCfg = Release|Any CPU
		{9D2CAF9E-FB24-4AA2-9F5F-A7A50C4498B9}.Release|Any CPU.Build.0 = Release|Any CPU
		{3904EBE9-BB72-492B-B545-0AC0BA6F2B1E}.Debug|Any CPU.ActiveCfg = Debug|Any CPU
		{3904EBE9-BB72-492B-B545-0AC0BA6F2B1E}.Debug|Any CPU.Build.0 = Debug|Any CPU
		{3904EBE9-BB72-492B-B545-0AC0BA6F2B1E}.Release|Any CPU.ActiveCfg = Release|Any CPU
		{3904EBE9-BB72-492B-B545-0AC0BA6F2B1E}.Release|Any CPU.Build.0 = Release|Any CPU
		{10AE5F1B-8769-4DFF-A20B-1581F8210B28}.Debug|Any CPU.ActiveCfg = Debug|Any CPU
		{10AE5F1B-8769-4DFF-A20B-1581F8210B28}.Debug|Any CPU.Build.0 = Debug|Any CPU
		{10AE5F1B-8769-4DFF-A20B-1581F8210B28}.Release|Any CPU.ActiveCfg = Release|Any CPU
		{10AE5F1B-8769-4DFF-A20B-1581F8210B28}.Release|Any CPU.Build.0 = Release|Any CPU
		{857C71DB-29FA-4812-B360-664E7F8DADC5}.Debug|Any CPU.ActiveCfg = Debug|Any CPU
		{857C71DB-29FA-4812-B360-664E7F8DADC5}.Debug|Any CPU.Build.0 = Debug|Any CPU
		{857C71DB-29FA-4812-B360-664E7F8DADC5}.Release|Any CPU.ActiveCfg = Release|Any CPU
		{857C71DB-29FA-4812-B360-664E7F8DADC5}.Release|Any CPU.Build.0 = Release|Any CPU
		{2BE6E4DB-F702-48B2-B605-E1911179BD44}.Debug|Any CPU.ActiveCfg = Debug|Any CPU
		{2BE6E4DB-F702-48B2-B605-E1911179BD44}.Debug|Any CPU.Build.0 = Debug|Any CPU
		{2BE6E4DB-F702-48B2-B605-E1911179BD44}.Release|Any CPU.ActiveCfg = Release|Any CPU
		{2BE6E4DB-F702-48B2-B605-E1911179BD44}.Release|Any CPU.Build.0 = Release|Any CPU
		{886F07A5-D6E9-4FC6-AAD1-6ED022091C80}.Debug|Any CPU.ActiveCfg = Debug|Any CPU
		{886F07A5-D6E9-4FC6-AAD1-6ED022091C80}.Debug|Any CPU.Build.0 = Debug|Any CPU
		{886F07A5-D6E9-4FC6-AAD1-6ED022091C80}.Release|Any CPU.ActiveCfg = Release|Any CPU
		{886F07A5-D6E9-4FC6-AAD1-6ED022091C80}.Release|Any CPU.Build.0 = Release|Any CPU
		{99708841-BD81-4F52-95D2-4031A5BF1159}.Debug|Any CPU.ActiveCfg = Debug|Any CPU
		{99708841-BD81-4F52-95D2-4031A5BF1159}.Debug|Any CPU.Build.0 = Debug|Any CPU
		{99708841-BD81-4F52-95D2-4031A5BF1159}.Release|Any CPU.ActiveCfg = Release|Any CPU
		{99708841-BD81-4F52-95D2-4031A5BF1159}.Release|Any CPU.Build.0 = Release|Any CPU
		{9EAF2FAC-5247-46A2-819B-E5B61B01576D}.Debug|Any CPU.ActiveCfg = Debug|Any CPU
		{9EAF2FAC-5247-46A2-819B-E5B61B01576D}.Debug|Any CPU.Build.0 = Debug|Any CPU
		{9EAF2FAC-5247-46A2-819B-E5B61B01576D}.Release|Any CPU.ActiveCfg = Release|Any CPU
		{9EAF2FAC-5247-46A2-819B-E5B61B01576D}.Release|Any CPU.Build.0 = Release|Any CPU
		{BB1F43DF-EDCB-4DA6-A1F1-21D988C6A970}.Debug|Any CPU.ActiveCfg = Debug|Any CPU
		{BB1F43DF-EDCB-4DA6-A1F1-21D988C6A970}.Debug|Any CPU.Build.0 = Debug|Any CPU
		{BB1F43DF-EDCB-4DA6-A1F1-21D988C6A970}.Release|Any CPU.ActiveCfg = Release|Any CPU
		{BB1F43DF-EDCB-4DA6-A1F1-21D988C6A970}.Release|Any CPU.Build.0 = Release|Any CPU
		{DE607F3D-D6F0-490D-A37C-5F123C3277DE}.Debug|Any CPU.ActiveCfg = Debug|Any CPU
		{DE607F3D-D6F0-490D-A37C-5F123C3277DE}.Debug|Any CPU.Build.0 = Debug|Any CPU
		{DE607F3D-D6F0-490D-A37C-5F123C3277DE}.Release|Any CPU.ActiveCfg = Release|Any CPU
		{DE607F3D-D6F0-490D-A37C-5F123C3277DE}.Release|Any CPU.Build.0 = Release|Any CPU
	EndGlobalSection
	GlobalSection(SolutionProperties) = preSolution
		HideSolutionNode = FALSE
	EndGlobalSection
	GlobalSection(ExtensibilityGlobals) = postSolution
		SolutionGuid = {D62B2CDF-24F4-428B-BFFB-CF0820775509}
	EndGlobalSection
EndGlobal
