
Microsoft Visual Studio Solution File, Format Version 12.00
# Visual Studio Version 17
VisualStudioVersion = 17.10.35122.118
MinimumVisualStudioVersion = 10.0.40219.1
Project("{FAE04EC0-301F-11D3-BF4B-00C04F79EFBC}") = "Singleton", "Singleton\Singleton.csproj", "{6BDC676C-B535-467F-A2A0-337E9FCEE727}"
EndProject
Project("{FAE04EC0-301F-11D3-BF4B-00C04F79EFBC}") = "FactoryMethod", "FactoryMethod\FactoryMethod.csproj", "{5165005D-182E-4AEF-8C27-1A117C685AF5}"
EndProject
Project("{FAE04EC0-301F-11D3-BF4B-00C04F79EFBC}") = "AbstractFactory", "AbstractFactory\AbstractFactory.csproj", "{B9617523-86BA-4585-A7DF-8942C78F5E64}"
EndProject
Project("{FAE04EC0-301F-11D3-BF4B-00C04F79EFBC}") = "Prototype", "Prototype\Prototype.csproj", "{4D11575F-04FA-4E64-B35F-F083158C1827}"
EndProject
Project("{FAE04EC0-301F-11D3-BF4B-00C04F79EFBC}") = "Builder", "Builder\Builder.csproj", "{187583C1-F92F-4880-95C2-4ED6B2A62BCD}"
EndProject
Project("{FAE04EC0-301F-11D3-BF4B-00C04F79EFBC}") = "Facade", "Facade\Facade.csproj", "{B9316B0F-A3C7-4691-81F2-AC20A34C6BDA}"
EndProject
Global
	GlobalSection(SolutionConfigurationPlatforms) = preSolution
		Debug|Any CPU = Debug|Any CPU
		Release|Any CPU = Release|Any CPU
	EndGlobalSection
	GlobalSection(ProjectConfigurationPlatforms) = postSolution
		{6BDC676C-B535-467F-A2A0-337E9FCEE727}.Debug|Any CPU.ActiveCfg = Debug|Any CPU
		{6BDC676C-B535-467F-A2A0-337E9FCEE727}.Debug|Any CPU.Build.0 = Debug|Any CPU
		{6BDC676C-B535-467F-A2A0-337E9FCEE727}.Release|Any CPU.ActiveCfg = Release|Any CPU
		{6BDC676C-B535-467F-A2A0-337E9FCEE727}.Release|Any CPU.Build.0 = Release|Any CPU
		{5165005D-182E-4AEF-8C27-1A117C685AF5}.Debug|Any CPU.ActiveCfg = Debug|Any CPU
		{5165005D-182E-4AEF-8C27-1A117C685AF5}.Debug|Any CPU.Build.0 = Debug|Any CPU
		{5165005D-182E-4AEF-8C27-1A117C685AF5}.Release|Any CPU.ActiveCfg = Release|Any CPU
		{5165005D-182E-4AEF-8C27-1A117C685AF5}.Release|Any CPU.Build.0 = Release|Any CPU
		{B9617523-86BA-4585-A7DF-8942C78F5E64}.Debug|Any CPU.ActiveCfg = Debug|Any CPU
		{B9617523-86BA-4585-A7DF-8942C78F5E64}.Debug|Any CPU.Build.0 = Debug|Any CPU
		{B9617523-86BA-4585-A7DF-8942C78F5E64}.Release|Any CPU.ActiveCfg = Release|Any CPU
		{B9617523-86BA-4585-A7DF-8942C78F5E64}.Release|Any CPU.Build.0 = Release|Any CPU
		{4D11575F-04FA-4E64-B35F-F083158C1827}.Debug|Any CPU.ActiveCfg = Debug|Any CPU
		{4D11575F-04FA-4E64-B35F-F083158C1827}.Debug|Any CPU.Build.0 = Debug|Any CPU
		{4D11575F-04FA-4E64-B35F-F083158C1827}.Release|Any CPU.ActiveCfg = Release|Any CPU
		{4D11575F-04FA-4E64-B35F-F083158C1827}.Release|Any CPU.Build.0 = Release|Any CPU
		{187583C1-F92F-4880-95C2-4ED6B2A62BCD}.Debug|Any CPU.ActiveCfg = Debug|Any CPU
		{187583C1-F92F-4880-95C2-4ED6B2A62BCD}.Debug|Any CPU.Build.0 = Debug|Any CPU
		{187583C1-F92F-4880-95C2-4ED6B2A62BCD}.Release|Any CPU.ActiveCfg = Release|Any CPU
		{187583C1-F92F-4880-95C2-4ED6B2A62BCD}.Release|Any CPU.Build.0 = Release|Any CPU
		{B9316B0F-A3C7-4691-81F2-AC20A34C6BDA}.Debug|Any CPU.ActiveCfg = Debug|Any CPU
		{B9316B0F-A3C7-4691-81F2-AC20A34C6BDA}.Debug|Any CPU.Build.0 = Debug|Any CPU
		{B9316B0F-A3C7-4691-81F2-AC20A34C6BDA}.Release|Any CPU.ActiveCfg = Release|Any CPU
		{B9316B0F-A3C7-4691-81F2-AC20A34C6BDA}.Release|Any CPU.Build.0 = Release|Any CPU
	EndGlobalSection
	GlobalSection(SolutionProperties) = preSolution
		HideSolutionNode = FALSE
	EndGlobalSection
	GlobalSection(ExtensibilityGlobals) = postSolution
		SolutionGuid = {D62B2CDF-24F4-428B-BFFB-CF0820775509}
	EndGlobalSection
EndGlobal
